
Microsoft Visual Studio Solution File, Format Version 12.00
# Visual Studio Version 17
VisualStudioVersion = 17.8.34309.116
MinimumVisualStudioVersion = 10.0.40219.1
Project("{9A19103F-16F7-4668-BE54-9A1E7A4F7556}") = "Reteflix", "Reteflix.csproj", "{384FF1C9-17F1-4CA3-9095-188F4AB581E0}"
EndProject
Global
	GlobalSection(SolutionConfigurationPlatforms) = preSolution
		Debug|Any CPU = Debug|Any CPU
		Release|Any CPU = Release|Any CPU
	EndGlobalSection
	GlobalSection(ProjectConfigurationPlatforms) = postSolution
		{384FF1C9-17F1-4CA3-9095-188F4AB581E0}.Debug|Any CPU.ActiveCfg = Debug|Any CPU
		{384FF1C9-17F1-4CA3-9095-188F4AB581E0}.Debug|Any CPU.Build.0 = Debug|Any CPU
		{384FF1C9-17F1-4CA3-9095-188F4AB581E0}.Release|Any CPU.ActiveCfg = Release|Any CPU
		{384FF1C9-17F1-4CA3-9095-188F4AB581E0}.Release|Any CPU.Build.0 = Release|Any CPU
	EndGlobalSection
	GlobalSection(SolutionProperties) = preSolution
		HideSolutionNode = FALSE
	EndGlobalSection
	GlobalSection(ExtensibilityGlobals) = postSolution
		SolutionGuid = {429F6E59-2DE1-4430-BF5A-9CC1CEC8C2BB}
	EndGlobalSection
EndGlobal
